// !$*UTF8*$!
{
	archiveVersion = 1;
	classes = {
	};
	objectVersion = 50;
	objects = {

/* Begin PBXBuildFile section */
		1FA170C8268A363E008561F0 /* EmojiArt_CS193PApp.swift in Sources */ = {isa = PBXBuildFile; fileRef = 1FA170C7268A363E008561F0 /* EmojiArt_CS193PApp.swift */; };
		1FA170CA268A363E008561F0 /* EmojiArtDocumentView.swift in Sources */ = {isa = PBXBuildFile; fileRef = 1FA170C9268A363E008561F0 /* EmojiArtDocumentView.swift */; };
		1FA170CC268A363F008561F0 /* Assets.xcassets in Resources */ = {isa = PBXBuildFile; fileRef = 1FA170CB268A363F008561F0 /* Assets.xcassets */; };
		1FA170CF268A363F008561F0 /* Preview Assets.xcassets in Resources */ = {isa = PBXBuildFile; fileRef = 1FA170CE268A363F008561F0 /* Preview Assets.xcassets */; };
		1FA170D7268A365D008561F0 /* EmojiArtModel.swift in Sources */ = {isa = PBXBuildFile; fileRef = 1FA170D6268A365D008561F0 /* EmojiArtModel.swift */; };
		1FA170D9268A3940008561F0 /* EmojiArtModel.Background.swift in Sources */ = {isa = PBXBuildFile; fileRef = 1FA170D8268A3940008561F0 /* EmojiArtModel.Background.swift */; };
		1FA170DC268A397C008561F0 /* EmojiArtDocument.swift in Sources */ = {isa = PBXBuildFile; fileRef = 1FA170DB268A397C008561F0 /* EmojiArtDocument.swift */; };
		1FA170E0268A4625008561F0 /* UtilityExtensions.swift in Sources */ = {isa = PBXBuildFile; fileRef = 1FA170DE268A4625008561F0 /* UtilityExtensions.swift */; };
		1FA170E1268A4625008561F0 /* UtilityViews.swift in Sources */ = {isa = PBXBuildFile; fileRef = 1FA170DF268A4625008561F0 /* UtilityViews.swift */; };
		1FA170E4268BB384008561F0 /* selected.swift in Sources */ = {isa = PBXBuildFile; fileRef = 1FA170E3268BB384008561F0 /* selected.swift */; };
/* End PBXBuildFile section */

/* Begin PBXFileReference section */
		1FA170C4268A363E008561F0 /* EmojiArt-CS193P.app */ = {isa = PBXFileReference; explicitFileType = wrapper.application; includeInIndex = 0; path = "EmojiArt-CS193P.app"; sourceTree = BUILT_PRODUCTS_DIR; };
		1FA170C7268A363E008561F0 /* EmojiArt_CS193PApp.swift */ = {isa = PBXFileReference; lastKnownFileType = sourcecode.swift; path = EmojiArt_CS193PApp.swift; sourceTree = "<group>"; };
		1FA170C9268A363E008561F0 /* EmojiArtDocumentView.swift */ = {isa = PBXFileReference; lastKnownFileType = sourcecode.swift; path = EmojiArtDocumentView.swift; sourceTree = "<group>"; };
		1FA170CB268A363F008561F0 /* Assets.xcassets */ = {isa = PBXFileReference; lastKnownFileType = folder.assetcatalog; path = Assets.xcassets; sourceTree = "<group>"; };
		1FA170CE268A363F008561F0 /* Preview Assets.xcassets */ = {isa = PBXFileReference; lastKnownFileType = folder.assetcatalog; path = "Preview Assets.xcassets"; sourceTree = "<group>"; };
		1FA170D0268A363F008561F0 /* Info.plist */ = {isa = PBXFileReference; lastKnownFileType = text.plist.xml; path = Info.plist; sourceTree = "<group>"; };
		1FA170D6268A365D008561F0 /* EmojiArtModel.swift */ = {isa = PBXFileReference; lastKnownFileType = sourcecode.swift; path = EmojiArtModel.swift; sourceTree = "<group>"; };
		1FA170D8268A3940008561F0 /* EmojiArtModel.Background.swift */ = {isa = PBXFileReference; lastKnownFileType = sourcecode.swift; path = EmojiArtModel.Background.swift; sourceTree = "<group>"; };
		1FA170DB268A397C008561F0 /* EmojiArtDocument.swift */ = {isa = PBXFileReference; lastKnownFileType = sourcecode.swift; path = EmojiArtDocument.swift; sourceTree = "<group>"; };
		1FA170DE268A4625008561F0 /* UtilityExtensions.swift */ = {isa = PBXFileReference; fileEncoding = 4; lastKnownFileType = sourcecode.swift; path = UtilityExtensions.swift; sourceTree = "<group>"; };
		1FA170DF268A4625008561F0 /* UtilityViews.swift */ = {isa = PBXFileReference; fileEncoding = 4; lastKnownFileType = sourcecode.swift; path = UtilityViews.swift; sourceTree = "<group>"; };
		1FA170E3268BB384008561F0 /* selected.swift */ = {isa = PBXFileReference; lastKnownFileType = sourcecode.swift; path = selected.swift; sourceTree = "<group>"; };
/* End PBXFileReference section */

/* Begin PBXFrameworksBuildPhase section */
		1FA170C1268A363E008561F0 /* Frameworks */ = {
			isa = PBXFrameworksBuildPhase;
			buildActionMask = 2147483647;
			files = (
			);
			runOnlyForDeploymentPostprocessing = 0;
		};
/* End PBXFrameworksBuildPhase section */

/* Begin PBXGroup section */
		1FA170BB268A363E008561F0 = {
			isa = PBXGroup;
			children = (
				1FA170E2268A4635008561F0 /* CS193P Provided Code */,
				1FA170C6268A363E008561F0 /* EmojiArt-CS193P */,
				1FA170C5268A363E008561F0 /* Products */,
			);
			sourceTree = "<group>";
		};
		1FA170C5268A363E008561F0 /* Products */ = {
			isa = PBXGroup;
			children = (
				1FA170C4268A363E008561F0 /* EmojiArt-CS193P.app */,
			);
			name = Products;
			sourceTree = "<group>";
		};
		1FA170C6268A363E008561F0 /* EmojiArt-CS193P */ = {
			isa = PBXGroup;
			children = (
				1FA170C7268A363E008561F0 /* EmojiArt_CS193PApp.swift */,
				1FA170DD268A3D43008561F0 /* View */,
				1FA170DB268A397C008561F0 /* EmojiArtDocument.swift */,
				1FA170DA268A3955008561F0 /* Model */,
				1FA170CB268A363F008561F0 /* Assets.xcassets */,
				1FA170D0268A363F008561F0 /* Info.plist */,
				1FA170CD268A363F008561F0 /* Preview Content */,
			);
			path = "EmojiArt-CS193P";
			sourceTree = "<group>";
		};
		1FA170CD268A363F008561F0 /* Preview Content */ = {
			isa = PBXGroup;
			children = (
				1FA170CE268A363F008561F0 /* Preview Assets.xcassets */,
			);
			path = "Preview Content";
			sourceTree = "<group>";
		};
		1FA170DA268A3955008561F0 /* Model */ = {
			isa = PBXGroup;
			children = (
				1FA170D6268A365D008561F0 /* EmojiArtModel.swift */,
				1FA170D8268A3940008561F0 /* EmojiArtModel.Background.swift */,
			);
			path = Model;
			sourceTree = "<group>";
		};
		1FA170DD268A3D43008561F0 /* View */ = {
			isa = PBXGroup;
			children = (
				1FA170C9268A363E008561F0 /* EmojiArtDocumentView.swift */,
				1FA170E3268BB384008561F0 /* selected.swift */,
			);
			path = View;
			sourceTree = "<group>";
		};
		1FA170E2268A4635008561F0 /* CS193P Provided Code */ = {
			isa = PBXGroup;
			children = (
				1FA170DE268A4625008561F0 /* UtilityExtensions.swift */,
				1FA170DF268A4625008561F0 /* UtilityViews.swift */,
			);
			path = "CS193P Provided Code";
			sourceTree = "<group>";
		};
/* End PBXGroup section */

/* Begin PBXNativeTarget section */
		1FA170C3268A363E008561F0 /* EmojiArt-CS193P */ = {
			isa = PBXNativeTarget;
			buildConfigurationList = 1FA170D3268A363F008561F0 /* Build configuration list for PBXNativeTarget "EmojiArt-CS193P" */;
			buildPhases = (
				1FA170C0268A363E008561F0 /* Sources */,
				1FA170C1268A363E008561F0 /* Frameworks */,
				1FA170C2268A363E008561F0 /* Resources */,
			);
			buildRules = (
			);
			dependencies = (
			);
			name = "EmojiArt-CS193P";
			productName = "EmojiArt-CS193P";
			productReference = 1FA170C4268A363E008561F0 /* EmojiArt-CS193P.app */;
			productType = "com.apple.product-type.application";
		};
/* End PBXNativeTarget section */

/* Begin PBXProject section */
		1FA170BC268A363E008561F0 /* Project object */ = {
			isa = PBXProject;
			attributes = {
				LastSwiftUpdateCheck = 1250;
				LastUpgradeCheck = 1250;
				TargetAttributes = {
					1FA170C3268A363E008561F0 = {
						CreatedOnToolsVersion = 12.5.1;
					};
				};
			};
			buildConfigurationList = 1FA170BF268A363E008561F0 /* Build configuration list for PBXProject "EmojiArt-CS193P" */;
			compatibilityVersion = "Xcode 9.3";
			developmentRegion = en;
			hasScannedForEncodings = 0;
			knownRegions = (
				en,
				Base,
			);
			mainGroup = 1FA170BB268A363E008561F0;
			productRefGroup = 1FA170C5268A363E008561F0 /* Products */;
			projectDirPath = "";
			projectRoot = "";
			targets = (
				1FA170C3268A363E008561F0 /* EmojiArt-CS193P */,
			);
		};
/* End PBXProject section */

/* Begin PBXResourcesBuildPhase section */
		1FA170C2268A363E008561F0 /* Resources */ = {
			isa = PBXResourcesBuildPhase;
			buildActionMask = 2147483647;
			files = (
				1FA170CF268A363F008561F0 /* Preview Assets.xcassets in Resources */,
				1FA170CC268A363F008561F0 /* Assets.xcassets in Resources */,
			);
			runOnlyForDeploymentPostprocessing = 0;
		};
/* End PBXResourcesBuildPhase section */

/* Begin PBXSourcesBuildPhase section */
		1FA170C0268A363E008561F0 /* Sources */ = {
			isa = PBXSourcesBuildPhase;
			buildActionMask = 2147483647;
			files = (
				1FA170E1268A4625008561F0 /* UtilityViews.swift in Sources */,
				1FA170CA268A363E008561F0 /* EmojiArtDocumentView.swift in Sources */,
				1FA170E4268BB384008561F0 /* selected.swift in Sources */,
				1FA170C8268A363E008561F0 /* EmojiArt_CS193PApp.swift in Sources */,
				1FA170E0268A4625008561F0 /* UtilityExtensions.swift in Sources */,
				1FA170DC268A397C008561F0 /* EmojiArtDocument.swift in Sources */,
				1FA170D7268A365D008561F0 /* EmojiArtModel.swift in Sources */,
				1FA170D9268A3940008561F0 /* EmojiArtModel.Background.swift in Sources */,
			);
			runOnlyForDeploymentPostprocessing = 0;
		};
/* End PBXSourcesBuildPhase section */

/* Begin XCBuildConfiguration section */
		1FA170D1268A363F008561F0 /* Debug */ = {
			isa = XCBuildConfiguration;
			buildSettings = {
				ALWAYS_SEARCH_USER_PATHS = NO;
				CLANG_ANALYZER_NONNULL = YES;
				CLANG_ANALYZER_NUMBER_OBJECT_CONVERSION = YES_AGGRESSIVE;
				CLANG_CXX_LANGUAGE_STANDARD = "gnu++14";
				CLANG_CXX_LIBRARY = "libc++";
				CLANG_ENABLE_MODULES = YES;
				CLANG_ENABLE_OBJC_ARC = YES;
				CLANG_ENABLE_OBJC_WEAK = YES;
				CLANG_WARN_BLOCK_CAPTURE_AUTORELEASING = YES;
				CLANG_WARN_BOOL_CONVERSION = YES;
				CLANG_WARN_COMMA = YES;
				CLANG_WARN_CONSTANT_CONVERSION = YES;
				CLANG_WARN_DEPRECATED_OBJC_IMPLEMENTATIONS = YES;
				CLANG_WARN_DIRECT_OBJC_ISA_USAGE = YES_ERROR;
				CLANG_WARN_DOCUMENTATION_COMMENTS = YES;
				CLANG_WARN_EMPTY_BODY = YES;
				CLANG_WARN_ENUM_CONVERSION = YES;
				CLANG_WARN_INFINITE_RECURSION = YES;
				CLANG_WARN_INT_CONVERSION = YES;
				CLANG_WARN_NON_LITERAL_NULL_CONVERSION = YES;
				CLANG_WARN_OBJC_IMPLICIT_RETAIN_SELF = YES;
				CLANG_WARN_OBJC_LITERAL_CONVERSION = YES;
				CLANG_WARN_OBJC_ROOT_CLASS = YES_ERROR;
				CLANG_WARN_QUOTED_INCLUDE_IN_FRAMEWORK_HEADER = YES;
				CLANG_WARN_RANGE_LOOP_ANALYSIS = YES;
				CLANG_WARN_STRICT_PROTOTYPES = YES;
				CLANG_WARN_SUSPICIOUS_MOVE = YES;
				CLANG_WARN_UNGUARDED_AVAILABILITY = YES_AGGRESSIVE;
				CLANG_WARN_UNREACHABLE_CODE = YES;
				CLANG_WARN__DUPLICATE_METHOD_MATCH = YES;
				COPY_PHASE_STRIP = NO;
				DEBUG_INFORMATION_FORMAT = dwarf;
				ENABLE_STRICT_OBJC_MSGSEND = YES;
				ENABLE_TESTABILITY = YES;
				GCC_C_LANGUAGE_STANDARD = gnu11;
				GCC_DYNAMIC_NO_PIC = NO;
				GCC_NO_COMMON_BLOCKS = YES;
				GCC_OPTIMIZATION_LEVEL = 0;
				GCC_PREPROCESSOR_DEFINITIONS = (
					"DEBUG=1",
					"$(inherited)",
				);
				GCC_WARN_64_TO_32_BIT_CONVERSION = YES;
				GCC_WARN_ABOUT_RETURN_TYPE = YES_ERROR;
				GCC_WARN_UNDECLARED_SELECTOR = YES;
				GCC_WARN_UNINITIALIZED_AUTOS = YES_AGGRESSIVE;
				GCC_WARN_UNUSED_FUNCTION = YES;
				GCC_WARN_UNUSED_VARIABLE = YES;
				IPHONEOS_DEPLOYMENT_TARGET = 14.5;
				MTL_ENABLE_DEBUG_INFO = INCLUDE_SOURCE;
				MTL_FAST_MATH = YES;
				ONLY_ACTIVE_ARCH = YES;
				SDKROOT = iphoneos;
				SWIFT_ACTIVE_COMPILATION_CONDITIONS = DEBUG;
				SWIFT_OPTIMIZATION_LEVEL = "-Onone";
			};
			name = Debug;
		};
		1FA170D2268A363F008561F0 /* Release */ = {
			isa = XCBuildConfiguration;
			buildSettings = {
				ALWAYS_SEARCH_USER_PATHS = NO;
				CLANG_ANALYZER_NONNULL = YES;
				CLANG_ANALYZER_NUMBER_OBJECT_CONVERSION = YES_AGGRESSIVE;
				CLANG_CXX_LANGUAGE_STANDARD = "gnu++14";
				CLANG_CXX_LIBRARY = "libc++";
				CLANG_ENABLE_MODULES = YES;
				CLANG_ENABLE_OBJC_ARC = YES;
				CLANG_ENABLE_OBJC_WEAK = YES;
				CLANG_WARN_BLOCK_CAPTURE_AUTORELEASING = YES;
				CLANG_WARN_BOOL_CONVERSION = YES;
				CLANG_WARN_COMMA = YES;
				CLANG_WARN_CONSTANT_CONVERSION = YES;
				CLANG_WARN_DEPRECATED_OBJC_IMPLEMENTATIONS = YES;
				CLANG_WARN_DIRECT_OBJC_ISA_USAGE = YES_ERROR;
				CLANG_WARN_DOCUMENTATION_COMMENTS = YES;
				CLANG_WARN_EMPTY_BODY = YES;
				CLANG_WARN_ENUM_CONVERSION = YES;
				CLANG_WARN_INFINITE_RECURSION = YES;
				CLANG_WARN_INT_CONVERSION = YES;
				CLANG_WARN_NON_LITERAL_NULL_CONVERSION = YES;
				CLANG_WARN_OBJC_IMPLICIT_RETAIN_SELF = YES;
				CLANG_WARN_OBJC_LITERAL_CONVERSION = YES;
				CLANG_WARN_OBJC_ROOT_CLASS = YES_ERROR;
				CLANG_WARN_QUOTED_INCLUDE_IN_FRAMEWORK_HEADER = YES;
				CLANG_WARN_RANGE_LOOP_ANALYSIS = YES;
				CLANG_WARN_STRICT_PROTOTYPES = YES;
				CLANG_WARN_SUSPICIOUS_MOVE = YES;
				CLANG_WARN_UNGUARDED_AVAILABILITY = YES_AGGRESSIVE;
				CLANG_WARN_UNREACHABLE_CODE = YES;
				CLANG_WARN__DUPLICATE_METHOD_MATCH = YES;
				COPY_PHASE_STRIP = NO;
				DEBUG_INFORMATION_FORMAT = "dwarf-with-dsym";
				ENABLE_NS_ASSERTIONS = NO;
				ENABLE_STRICT_OBJC_MSGSEND = YES;
				GCC_C_LANGUAGE_STANDARD = gnu11;
				GCC_NO_COMMON_BLOCKS = YES;
				GCC_WARN_64_TO_32_BIT_CONVERSION = YES;
				GCC_WARN_ABOUT_RETURN_TYPE = YES_ERROR;
				GCC_WARN_UNDECLARED_SELECTOR = YES;
				GCC_WARN_UNINITIALIZED_AUTOS = YES_AGGRESSIVE;
				GCC_WARN_UNUSED_FUNCTION = YES;
				GCC_WARN_UNUSED_VARIABLE = YES;
				IPHONEOS_DEPLOYMENT_TARGET = 14.5;
				MTL_ENABLE_DEBUG_INFO = NO;
				MTL_FAST_MATH = YES;
				SDKROOT = iphoneos;
				SWIFT_COMPILATION_MODE = wholemodule;
				SWIFT_OPTIMIZATION_LEVEL = "-O";
				VALIDATE_PRODUCT = YES;
			};
			name = Release;
		};
		1FA170D4268A363F008561F0 /* Debug */ = {
			isa = XCBuildConfiguration;
			buildSettings = {
				ASSETCATALOG_COMPILER_APPICON_NAME = AppIcon;
				ASSETCATALOG_COMPILER_GLOBAL_ACCENT_COLOR_NAME = AccentColor;
				CODE_SIGN_STYLE = Automatic;
				DEVELOPMENT_ASSET_PATHS = "\"EmojiArt-CS193P/Preview Content\"";
				DEVELOPMENT_TEAM = MVA5U2HB2L;
				ENABLE_PREVIEWS = YES;
				INFOPLIST_FILE = "EmojiArt-CS193P/Info.plist";
				IPHONEOS_DEPLOYMENT_TARGET = 14.0;
				LD_RUNPATH_SEARCH_PATHS = (
					"$(inherited)",
					"@executable_path/Frameworks",
				);
				PRODUCT_BUNDLE_IDENTIFIER = "com.matthewfolbigg.EmojiArt-CS193P";
				PRODUCT_NAME = "$(TARGET_NAME)";
				SWIFT_VERSION = 5.0;
				TARGETED_DEVICE_FAMILY = "1,2";
			};
			name = Debug;
		};
		1FA170D5268A363F008561F0 /* Release */ = {
			isa = XCBuildConfiguration;
			buildSettings = {
				ASSETCATALOG_COMPILER_APPICON_NAME = AppIcon;
				ASSETCATALOG_COMPILER_GLOBAL_ACCENT_COLOR_NAME = AccentColor;
				CODE_SIGN_STYLE = Automatic;
				DEVELOPMENT_ASSET_PATHS = "\"EmojiArt-CS193P/Preview Content\"";
				DEVELOPMENT_TEAM = MVA5U2HB2L;
				ENABLE_PREVIEWS = YES;
				INFOPLIST_FILE = "EmojiArt-CS193P/Info.plist";
				IPHONEOS_DEPLOYMENT_TARGET = 14.0;
				LD_RUNPATH_SEARCH_PATHS = (
					"$(inherited)",
					"@executable_path/Frameworks",
				);
				PRODUCT_BUNDLE_IDENTIFIER = "com.matthewfolbigg.EmojiArt-CS193P";
				PRODUCT_NAME = "$(TARGET_NAME)";
				SWIFT_VERSION = 5.0;
				TARGETED_DEVICE_FAMILY = "1,2";
			};
			name = Release;
		};
/* End XCBuildConfiguration section */

/* Begin XCConfigurationList section */
		1FA170BF268A363E008561F0 /* Build configuration list for PBXProject "EmojiArt-CS193P" */ = {
			isa = XCConfigurationList;
			buildConfigurations = (
				1FA170D1268A363F008561F0 /* Debug */,
				1FA170D2268A363F008561F0 /* Release */,
			);
			defaultConfigurationIsVisible = 0;
			defaultConfigurationName = Release;
		};
		1FA170D3268A363F008561F0 /* Build configuration list for PBXNativeTarget "EmojiArt-CS193P" */ = {
			isa = XCConfigurationList;
			buildConfigurations = (
				1FA170D4268A363F008561F0 /* Debug */,
				1FA170D5268A363F008561F0 /* Release */,
			);
			defaultConfigurationIsVisible = 0;
			defaultConfigurationName = Release;
		};
/* End XCConfigurationList section */
	};
	rootObject = 1FA170BC268A363E008561F0 /* Project object */;
}
